<?xml version="1.0" encoding="utf-8"?>
<Project ToolsVersion="4.0" xmlns="http://schemas.microsoft.com/developer/msbuild/2003">
  <ItemGroup>
    <Filter Include="Source Files">
      <UniqueIdentifier>{4FC737F1-C7A5-4376-A066-2A32D752A2FF}</UniqueIdentifier>
      <Extensions>cpp;c;cc;cxx;c++;def;odl;idl;hpj;bat;asm;asmx</Extensions>
    </Filter>
    <Filter Include="Header Files">
      <UniqueIdentifier>{93995380-89BD-4b04-88EB-625FBE52EBFB}</UniqueIdentifier>
      <Extensions>h;hh;hpp;hxx;h++;hm;inl;inc;ipp;xsd</Extensions>
    </Filter>
    <Filter Include="Resource Files">
      <UniqueIdentifier>{67DA6AB6-F800-4c08-8B7A-83BB121AAD01}</UniqueIdentifier>
      <Extensions>rc;ico;cur;bmp;dlg;rc2;rct;bin;rgs;gif;jpg;jpeg;jpe;resx;tiff;tif;png;wav;mfcribbon-ms</Extensions>
    </Filter>
    <Filter Include="Levels">
      <UniqueIdentifier>{1c5be5b6-9dd1-4b28-a983-59c969d63671}</UniqueIdentifier>
    </Filter>
    <Filter Include="Singleton">
      <UniqueIdentifier>{40f8fcd9-bbb7-4b67-8c97-cbfa9361fdb8}</UniqueIdentifier>
    </Filter>
    <Filter Include="Audio">
      <UniqueIdentifier>{aa5cba4b-c66e-4e7b-b729-8166a79b0be9}</UniqueIdentifier>
    </Filter>
    <Filter Include="Audio\irrklang">
      <UniqueIdentifier>{c9db1260-39a6-4371-a36b-179b0cfa4143}</UniqueIdentifier>
    </Filter>
    <Filter Include="Player">
      <UniqueIdentifier>{ae44388a-3c5a-44c3-be23-d64f0972b2ba}</UniqueIdentifier>
    </Filter>
  </ItemGroup>
  <ItemGroup>
    <ClInclude Include="Game.h">
      <Filter>Header Files</Filter>
    </ClInclude>
    <ClInclude Include="Application.h">
      <Filter>Header Files</Filter>
    </ClInclude>
    <ClInclude Include="Timer.h">
      <Filter>Header Files</Filter>
    </ClInclude>
    <ClInclude Include="ConLib.h">
      <Filter>Header Files</Filter>
    </ClInclude>
    <ClInclude Include="Console.h">
      <Filter>Header Files</Filter>
    </ClInclude>
    <ClInclude Include="UserInput.h">
      <Filter>Header Files</Filter>
    </ClInclude>
    <ClInclude Include="KeyCode.h">
      <Filter>Header Files</Filter>
    </ClInclude>
    <ClInclude Include="Camera.h">
      <Filter>Header Files</Filter>
    </ClInclude>
    <ClInclude Include="GameState.h">
      <Filter>Header Files</Filter>
    </ClInclude>
    <ClInclude Include="Vector2.h">
      <Filter>Header Files</Filter>
    </ClInclude>
    <ClInclude Include="GameStateManager.h">
      <Filter>Header Files</Filter>
    </ClInclude>
    <ClInclude Include="irrklang\ik_ESoundEngineOptions.h">
      <Filter>Audio\irrklang</Filter>
    </ClInclude>
    <ClInclude Include="irrklang\ik_ESoundOutputDrivers.h">
      <Filter>Audio\irrklang</Filter>
    </ClInclude>
    <ClInclude Include="irrklang\ik_EStreamModes.h">
      <Filter>Audio\irrklang</Filter>
    </ClInclude>
    <ClInclude Include="irrklang\ik_IAudioRecorder.h">
      <Filter>Audio\irrklang</Filter>
    </ClInclude>
    <ClInclude Include="irrklang\ik_IAudioStream.h">
      <Filter>Audio\irrklang</Filter>
    </ClInclude>
    <ClInclude Include="irrklang\ik_IAudioStreamLoader.h">
      <Filter>Audio\irrklang</Filter>
    </ClInclude>
    <ClInclude Include="irrklang\ik_IFileFactory.h">
      <Filter>Audio\irrklang</Filter>
    </ClInclude>
    <ClInclude Include="irrklang\ik_IFileReader.h">
      <Filter>Audio\irrklang</Filter>
    </ClInclude>
    <ClInclude Include="irrklang\ik_IRefCounted.h">
      <Filter>Audio\irrklang</Filter>
    </ClInclude>
    <ClInclude Include="irrklang\ik_irrKlangTypes.h">
      <Filter>Audio\irrklang</Filter>
    </ClInclude>
    <ClInclude Include="irrklang\ik_ISound.h">
      <Filter>Audio\irrklang</Filter>
    </ClInclude>
    <ClInclude Include="irrklang\ik_ISoundDeviceList.h">
      <Filter>Audio\irrklang</Filter>
    </ClInclude>
    <ClInclude Include="irrklang\ik_ISoundEffectControl.h">
      <Filter>Audio\irrklang</Filter>
    </ClInclude>
    <ClInclude Include="irrklang\ik_ISoundEngine.h">
      <Filter>Audio\irrklang</Filter>
    </ClInclude>
    <ClInclude Include="irrklang\ik_ISoundMixedOutputReceiver.h">
      <Filter>Audio\irrklang</Filter>
    </ClInclude>
    <ClInclude Include="irrklang\ik_ISoundSource.h">
      <Filter>Audio\irrklang</Filter>
    </ClInclude>
    <ClInclude Include="irrklang\ik_ISoundStopEventReceiver.h">
      <Filter>Audio\irrklang</Filter>
    </ClInclude>
    <ClInclude Include="irrklang\ik_IVirtualRefCounted.h">
      <Filter>Audio\irrklang</Filter>
    </ClInclude>
    <ClInclude Include="irrklang\ik_SAudioStreamFormat.h">
      <Filter>Audio\irrklang</Filter>
    </ClInclude>
    <ClInclude Include="irrklang\ik_vec3d.h">
      <Filter>Audio\irrklang</Filter>
    </ClInclude>
    <ClInclude Include="irrklang\irrKlang.h">
      <Filter>Audio\irrklang</Filter>
    </ClInclude>
    <ClInclude Include="ISingleton.h">
      <Filter>Singleton</Filter>
    </ClInclude>
    <ClInclude Include="SingletonManager.h">
      <Filter>Singleton</Filter>
    </ClInclude>
    <ClInclude Include="Singleton.h">
      <Filter>Singleton</Filter>
    </ClInclude>
    <ClInclude Include="Map.h">
      <Filter>Levels</Filter>
    </ClInclude>
    <ClInclude Include="Menu.h">
      <Filter>Levels</Filter>
    </ClInclude>
    <ClInclude Include="Level.h">
      <Filter>Levels</Filter>
    </ClInclude>
    <ClInclude Include="LevelManager.h">
      <Filter>Levels</Filter>
    </ClInclude>
    <ClInclude Include="SoundEngine.h">
      <Filter>Audio</Filter>
    </ClInclude>
    <ClInclude Include="Audio.h">
      <Filter>Audio</Filter>
    </ClInclude>
    <ClInclude Include="AudioManager.h">
      <Filter>Audio</Filter>
    </ClInclude>
    <ClInclude Include="Player.h">
      <Filter>Player</Filter>
    </ClInclude>
  </ItemGroup>
  <ItemGroup>
    <ClCompile Include="Application.cpp">
      <Filter>Source Files</Filter>
    </ClCompile>
    <ClCompile Include="Game.cpp">
      <Filter>Source Files</Filter>
    </ClCompile>
    <ClCompile Include="main.cpp">
      <Filter>Source Files</Filter>
    </ClCompile>
    <ClCompile Include="Timer.cpp">
      <Filter>Source Files</Filter>
    </ClCompile>
    <ClCompile Include="Console.cpp">
      <Filter>Source Files</Filter>
    </ClCompile>
    <ClCompile Include="UserInput.cpp">
      <Filter>Source Files</Filter>
    </ClCompile>
    <ClCompile Include="Camera.cpp">
      <Filter>Source Files</Filter>
    </ClCompile>
    <ClCompile Include="Vector2.cpp">
      <Filter>Source Files</Filter>
    </ClCompile>
    <ClCompile Include="GameStateManager.cpp">
      <Filter>Source Files</Filter>
    </ClCompile>
    <ClCompile Include="Menu.cpp">
      <Filter>Levels</Filter>
    </ClCompile>
    <ClCompile Include="Map.cpp">
      <Filter>Levels</Filter>
    </ClCompile>
    <ClCompile Include="LevelManager.cpp">
      <Filter>Levels</Filter>
    </ClCompile>
    <ClCompile Include="SingletonManager.cpp">
      <Filter>Singleton</Filter>
    </ClCompile>
    <ClCompile Include="SoundEngine.cpp">
      <Filter>Audio</Filter>
    </ClCompile>
    <ClCompile Include="Audio.cpp">
      <Filter>Audio</Filter>
    </ClCompile>
    <ClCompile Include="AudioManager.cpp">
      <Filter>Source Files</Filter>
    </ClCompile>
    <ClCompile Include="Player.cpp">
      <Filter>Player</Filter>
    </ClCompile>
  </ItemGroup>
</Project>