<?xml version="1.0" encoding="utf-8"?>
<Project ToolsVersion="4.0" xmlns="http://schemas.microsoft.com/developer/msbuild/2003">
  <ItemGroup>
    <Filter Include="Source Files">
      <UniqueIdentifier>{4FC737F1-C7A5-4376-A066-2A32D752A2FF}</UniqueIdentifier>
      <Extensions>cpp;c;cc;cxx;c++;def;odl;idl;hpj;bat;asm;asmx</Extensions>
    </Filter>
    <Filter Include="Header Files">
      <UniqueIdentifier>{93995380-89BD-4b04-88EB-625FBE52EBFB}</UniqueIdentifier>
      <Extensions>h;hh;hpp;hxx;h++;hm;inl;inc;ipp;xsd</Extensions>
    </Filter>
    <Filter Include="Resource Files">
      <UniqueIdentifier>{67DA6AB6-F800-4c08-8B7A-83BB121AAD01}</UniqueIdentifier>
      <Extensions>rc;ico;cur;bmp;dlg;rc2;rct;bin;rgs;gif;jpg;jpeg;jpe;resx;tiff;tif;png;wav;mfcribbon-ms</Extensions>
    </Filter>
    <Filter Include="Levels">
      <UniqueIdentifier>{1c5be5b6-9dd1-4b28-a983-59c969d63671}</UniqueIdentifier>
    </Filter>
    <Filter Include="Singleton">
      <UniqueIdentifier>{40f8fcd9-bbb7-4b67-8c97-cbfa9361fdb8}</UniqueIdentifier>
    </Filter>
    <Filter Include="Audio">
      <UniqueIdentifier>{aa5cba4b-c66e-4e7b-b729-8166a79b0be9}</UniqueIdentifier>
    </Filter>
    <Filter Include="Audio\irrklang">
      <UniqueIdentifier>{c9db1260-39a6-4371-a36b-179b0cfa4143}</UniqueIdentifier>
    </Filter>
    <Filter Include="Player">
      <UniqueIdentifier>{ae44388a-3c5a-44c3-be23-d64f0972b2ba}</UniqueIdentifier>
    </Filter>
    <Filter Include="Levels\Menu">
      <UniqueIdentifier>{3f41fa8c-fcfd-4bfb-b08b-456d233358da}</UniqueIdentifier>
    </Filter>
    <Filter Include="Levels\Level_01">
      <UniqueIdentifier>{a901d8d7-7c36-46ab-be0b-dfd0ca6347f3}</UniqueIdentifier>
    </Filter>
    <Filter Include="Levels\Map">
      <UniqueIdentifier>{e1036042-0d80-4a10-8b25-344f55b57cb3}</UniqueIdentifier>
    </Filter>
    <Filter Include="Game">
      <UniqueIdentifier>{70f00026-2b35-45c1-9ae0-566ac91d1a8e}</UniqueIdentifier>
    </Filter>
    <Filter Include="Inputs">
      <UniqueIdentifier>{3e74d8a2-5bfe-4884-bd4e-0c3ff7ee35f6}</UniqueIdentifier>
    </Filter>
    <Filter Include="Misc">
      <UniqueIdentifier>{2a99fb6a-c29f-4928-baf1-62969b291cb6}</UniqueIdentifier>
    </Filter>
    <Filter Include="Levels\Base Level Classes">
      <UniqueIdentifier>{3d14450f-60ca-4eef-8824-7b092d429e05}</UniqueIdentifier>
    </Filter>
    <Filter Include="Levels\Manager">
      <UniqueIdentifier>{3e620a4c-9894-46dd-aa75-f9d40e97a91b}</UniqueIdentifier>
    </Filter>
    <Filter Include="Levels\Level_02">
      <UniqueIdentifier>{04704b78-a57b-44b0-85cb-b7a79ffa1d9d}</UniqueIdentifier>
    </Filter>
    <Filter Include="Levels\Base Level Classes\FogLevels">
      <UniqueIdentifier>{b6e106ca-0edb-4239-b12c-b62aeaaa7a01}</UniqueIdentifier>
    </Filter>
    <Filter Include="Levels\Base Level Classes\FogLevels\Fog">
      <UniqueIdentifier>{df976bb6-4e84-47b0-9c18-23f80f894475}</UniqueIdentifier>
    </Filter>
    <Filter Include="Item">
      <UniqueIdentifier>{2d51f463-38f9-47c3-8e2f-3bcd0ec5b9be}</UniqueIdentifier>
    </Filter>
    <Filter Include="Item\Base">
      <UniqueIdentifier>{d854d36a-0038-4324-8f9c-8ea7465e94a8}</UniqueIdentifier>
    </Filter>
    <Filter Include="Item\Pickaxe">
      <UniqueIdentifier>{eacaec97-c68a-49b8-bf2f-822ed136d40d}</UniqueIdentifier>
    </Filter>
    <Filter Include="Blocks">
      <UniqueIdentifier>{e3cd2569-58ab-4319-9bc0-baf8ecae010c}</UniqueIdentifier>
    </Filter>
    <Filter Include="Blocks\Base">
      <UniqueIdentifier>{71b4c563-1b08-4c25-a490-2af25b07d99d}</UniqueIdentifier>
    </Filter>
    <Filter Include="Blocks\Rock">
      <UniqueIdentifier>{037f0330-17cd-4763-99f6-ea47198ef482}</UniqueIdentifier>
    </Filter>
    <Filter Include="Player\Inventory">
      <UniqueIdentifier>{adb62cb9-a238-400f-ae4c-b1a8379f875a}</UniqueIdentifier>
    </Filter>
    <Filter Include="File Manager">
      <UniqueIdentifier>{94a65d55-ce52-43c0-b71c-479fe12ee646}</UniqueIdentifier>
    </Filter>
    <Filter Include="Player\Status">
      <UniqueIdentifier>{71860f63-1d13-4dee-9dff-4796a777deda}</UniqueIdentifier>
    </Filter>
    <Filter Include="Blocks\Ice">
      <UniqueIdentifier>{9d1e76ea-3803-4b8e-b107-f2f8c42faece}</UniqueIdentifier>
    </Filter>
    <Filter Include="Blocks\Boulder">
      <UniqueIdentifier>{3027d5be-dc37-4893-b415-9e457849f92d}</UniqueIdentifier>
    </Filter>
    <Filter Include="Renderer">
      <UniqueIdentifier>{968a8ff1-0882-47af-bca1-8aba418e5000}</UniqueIdentifier>
    </Filter>
  </ItemGroup>
  <ItemGroup>
    <ClInclude Include="irrklang\ik_ESoundEngineOptions.h">
      <Filter>Audio\irrklang</Filter>
    </ClInclude>
    <ClInclude Include="irrklang\ik_ESoundOutputDrivers.h">
      <Filter>Audio\irrklang</Filter>
    </ClInclude>
    <ClInclude Include="irrklang\ik_EStreamModes.h">
      <Filter>Audio\irrklang</Filter>
    </ClInclude>
    <ClInclude Include="irrklang\ik_IAudioRecorder.h">
      <Filter>Audio\irrklang</Filter>
    </ClInclude>
    <ClInclude Include="irrklang\ik_IAudioStream.h">
      <Filter>Audio\irrklang</Filter>
    </ClInclude>
    <ClInclude Include="irrklang\ik_IAudioStreamLoader.h">
      <Filter>Audio\irrklang</Filter>
    </ClInclude>
    <ClInclude Include="irrklang\ik_IFileFactory.h">
      <Filter>Audio\irrklang</Filter>
    </ClInclude>
    <ClInclude Include="irrklang\ik_IFileReader.h">
      <Filter>Audio\irrklang</Filter>
    </ClInclude>
    <ClInclude Include="irrklang\ik_IRefCounted.h">
      <Filter>Audio\irrklang</Filter>
    </ClInclude>
    <ClInclude Include="irrklang\ik_irrKlangTypes.h">
      <Filter>Audio\irrklang</Filter>
    </ClInclude>
    <ClInclude Include="irrklang\ik_ISound.h">
      <Filter>Audio\irrklang</Filter>
    </ClInclude>
    <ClInclude Include="irrklang\ik_ISoundDeviceList.h">
      <Filter>Audio\irrklang</Filter>
    </ClInclude>
    <ClInclude Include="irrklang\ik_ISoundEffectControl.h">
      <Filter>Audio\irrklang</Filter>
    </ClInclude>
    <ClInclude Include="irrklang\ik_ISoundEngine.h">
      <Filter>Audio\irrklang</Filter>
    </ClInclude>
    <ClInclude Include="irrklang\ik_ISoundMixedOutputReceiver.h">
      <Filter>Audio\irrklang</Filter>
    </ClInclude>
    <ClInclude Include="irrklang\ik_ISoundSource.h">
      <Filter>Audio\irrklang</Filter>
    </ClInclude>
    <ClInclude Include="irrklang\ik_ISoundStopEventReceiver.h">
      <Filter>Audio\irrklang</Filter>
    </ClInclude>
    <ClInclude Include="irrklang\ik_IVirtualRefCounted.h">
      <Filter>Audio\irrklang</Filter>
    </ClInclude>
    <ClInclude Include="irrklang\ik_SAudioStreamFormat.h">
      <Filter>Audio\irrklang</Filter>
    </ClInclude>
    <ClInclude Include="irrklang\ik_vec3d.h">
      <Filter>Audio\irrklang</Filter>
    </ClInclude>
    <ClInclude Include="irrklang\irrKlang.h">
      <Filter>Audio\irrklang</Filter>
    </ClInclude>
    <ClInclude Include="ISingleton.h">
      <Filter>Singleton</Filter>
    </ClInclude>
    <ClInclude Include="SingletonManager.h">
      <Filter>Singleton</Filter>
    </ClInclude>
    <ClInclude Include="Singleton.h">
      <Filter>Singleton</Filter>
    </ClInclude>
    <ClInclude Include="SoundEngine.h">
      <Filter>Audio</Filter>
    </ClInclude>
    <ClInclude Include="Audio.h">
      <Filter>Audio</Filter>
    </ClInclude>
    <ClInclude Include="AudioManager.h">
      <Filter>Audio</Filter>
    </ClInclude>
    <ClInclude Include="Player.h">
      <Filter>Player</Filter>
    </ClInclude>
    <ClInclude Include="Menu.h">
      <Filter>Levels\Menu</Filter>
    </ClInclude>
    <ClInclude Include="Level_01.h">
      <Filter>Levels\Level_01</Filter>
    </ClInclude>
    <ClInclude Include="Map.h">
      <Filter>Levels\Map</Filter>
    </ClInclude>
    <ClInclude Include="Pause.h">
      <Filter>Levels\Map</Filter>
    </ClInclude>
    <ClInclude Include="Game.h">
      <Filter>Game</Filter>
    </ClInclude>
    <ClInclude Include="GameState.h">
      <Filter>Game</Filter>
    </ClInclude>
    <ClInclude Include="GameStateManager.h">
      <Filter>Game</Filter>
    </ClInclude>
    <ClInclude Include="Console.h">
      <Filter>Game</Filter>
    </ClInclude>
    <ClInclude Include="KeyCode.h">
      <Filter>Inputs</Filter>
    </ClInclude>
    <ClInclude Include="UserInput.h">
      <Filter>Inputs</Filter>
    </ClInclude>
    <ClInclude Include="Application.h">
      <Filter>Misc</Filter>
    </ClInclude>
    <ClInclude Include="ConLib.h">
      <Filter>Misc</Filter>
    </ClInclude>
    <ClInclude Include="Timer.h">
      <Filter>Misc</Filter>
    </ClInclude>
    <ClInclude Include="Vector2.h">
      <Filter>Misc</Filter>
    </ClInclude>
    <ClInclude Include="Level.h">
      <Filter>Levels\Base Level Classes</Filter>
    </ClInclude>
    <ClInclude Include="PlayableLevels.h">
      <Filter>Levels\Base Level Classes</Filter>
    </ClInclude>
    <ClInclude Include="LevelManager.h">
      <Filter>Levels\Manager</Filter>
    </ClInclude>
    <ClInclude Include="MemoryLeak.h">
      <Filter>Misc</Filter>
    </ClInclude>
    <ClInclude Include="ControllerHandler.h">
      <Filter>Misc</Filter>
    </ClInclude>
    <ClInclude Include="Level_02.h">
      <Filter>Levels\Level_02</Filter>
    </ClInclude>
    <ClInclude Include="FogLevels.h">
      <Filter>Levels\Base Level Classes\FogLevels</Filter>
    </ClInclude>
    <ClInclude Include="Fog.h">
      <Filter>Levels\Base Level Classes\FogLevels\Fog</Filter>
    </ClInclude>
    <ClInclude Include="Equipment.h">
      <Filter>Item\Base</Filter>
    </ClInclude>
    <ClInclude Include="Item.h">
      <Filter>Item\Base</Filter>
    </ClInclude>
    <ClInclude Include="ItemID.h">
      <Filter>Item\Base</Filter>
    </ClInclude>
    <ClInclude Include="Pickaxe.h">
      <Filter>Item\Pickaxe</Filter>
    </ClInclude>
    <ClInclude Include="Block.h">
      <Filter>Blocks\Base</Filter>
    </ClInclude>
    <ClInclude Include="Rock.h">
      <Filter>Blocks\Rock</Filter>
    </ClInclude>
    <ClInclude Include="Inventory.h">
      <Filter>Player\Inventory</Filter>
    </ClInclude>
    <ClInclude Include="FileManager.h">
      <Filter>File Manager</Filter>
    </ClInclude>
    <ClInclude Include="InventoryManager.h">
      <Filter>Player\Inventory</Filter>
    </ClInclude>
    <ClInclude Include="PlayerStatus.h">
      <Filter>Player\Status</Filter>
    </ClInclude>
    <ClInclude Include="Ice.h">
      <Filter>Blocks\Ice</Filter>
    </ClInclude>
    <ClInclude Include="Boulder.h">
      <Filter>Blocks\Boulder</Filter>
    </ClInclude>
    <ClInclude Include="Renderer.h">
      <Filter>Renderer</Filter>
    </ClInclude>
    <ClInclude Include="Colours.h">
      <Filter>Renderer</Filter>
    </ClInclude>
    <ClInclude Include="PrintMap.h">
      <Filter>Renderer</Filter>
    </ClInclude>
  </ItemGroup>
  <ItemGroup>
    <ClCompile Include="SingletonManager.cpp">
      <Filter>Singleton</Filter>
    </ClCompile>
    <ClCompile Include="SoundEngine.cpp">
      <Filter>Audio</Filter>
    </ClCompile>
    <ClCompile Include="Audio.cpp">
      <Filter>Audio</Filter>
    </ClCompile>
    <ClCompile Include="Player.cpp">
      <Filter>Player</Filter>
    </ClCompile>
    <ClCompile Include="Menu.cpp">
      <Filter>Levels\Menu</Filter>
    </ClCompile>
    <ClCompile Include="Level_01.cpp">
      <Filter>Levels\Level_01</Filter>
    </ClCompile>
    <ClCompile Include="AudioManager.cpp">
      <Filter>Audio</Filter>
    </ClCompile>
    <ClCompile Include="Map.cpp">
      <Filter>Levels\Map</Filter>
    </ClCompile>
    <ClCompile Include="Pause.cpp">
      <Filter>Levels\Map</Filter>
    </ClCompile>
    <ClCompile Include="Console.cpp">
      <Filter>Game</Filter>
    </ClCompile>
    <ClCompile Include="Game.cpp">
      <Filter>Game</Filter>
    </ClCompile>
    <ClCompile Include="GameStateManager.cpp">
      <Filter>Game</Filter>
    </ClCompile>
    <ClCompile Include="UserInput.cpp">
      <Filter>Inputs</Filter>
    </ClCompile>
    <ClCompile Include="Vector2.cpp">
      <Filter>Misc</Filter>
    </ClCompile>
    <ClCompile Include="Timer.cpp">
      <Filter>Misc</Filter>
    </ClCompile>
    <ClCompile Include="Application.cpp">
      <Filter>Misc</Filter>
    </ClCompile>
    <ClCompile Include="main.cpp">
      <Filter>Misc</Filter>
    </ClCompile>
    <ClCompile Include="PlayableLevels.cpp">
      <Filter>Levels\Base Level Classes</Filter>
    </ClCompile>
    <ClCompile Include="LevelManager.cpp">
      <Filter>Levels\Manager</Filter>
    </ClCompile>
    <ClCompile Include="Level_02.cpp">
      <Filter>Levels\Level_02</Filter>
    </ClCompile>
    <ClCompile Include="FogLevels.cpp">
      <Filter>Levels\Base Level Classes\FogLevels</Filter>
    </ClCompile>
    <ClCompile Include="Fog.cpp">
      <Filter>Levels\Base Level Classes\FogLevels\Fog</Filter>
    </ClCompile>
    <ClCompile Include="Pickaxe.cpp">
      <Filter>Item\Pickaxe</Filter>
    </ClCompile>
    <ClCompile Include="Rock.cpp">
      <Filter>Blocks\Rock</Filter>
    </ClCompile>
    <ClCompile Include="Inventory.cpp">
      <Filter>Player\Inventory</Filter>
    </ClCompile>
    <ClCompile Include="FileManager.cpp">
      <Filter>File Manager</Filter>
    </ClCompile>
    <ClCompile Include="InventoryManager.cpp">
      <Filter>Player\Inventory</Filter>
    </ClCompile>
    <ClCompile Include="Ice.cpp">
      <Filter>Blocks\Ice</Filter>
    </ClCompile>
    <ClCompile Include="Boulder.cpp">
      <Filter>Blocks\Boulder</Filter>
    </ClCompile>
    <ClCompile Include="Renderer.cpp">
      <Filter>Renderer</Filter>
    </ClCompile>
    <ClCompile Include="PrintMap.cpp">
      <Filter>Renderer</Filter>
    </ClCompile>
  </ItemGroup>
</Project>